// !$*UTF8*$!
{
	archiveVersion = 1;
	classes = {
	};
	objectVersion = 50;
	objects = {

/* Begin PBXBuildFile section */
		31664AF090EE1C56DB81E8D4 /* EOCRectangle.m in Sources */ = {isa = PBXBuildFile; fileRef = 3166477419673952E70D85C8 /* EOCRectangle.m */; };
		31664C485B78B80088E689BE /* EOCSquare.m in Sources */ = {isa = PBXBuildFile; fileRef = 31664904CB56CF35E025FD10 /* EOCSquare.m */; };
		A16B0664D1017E0C99638FA9 /* libPods-EffectiveObjective-C.a in Frameworks */ = {isa = PBXBuildFile; fileRef = 58807DF2DF82E01DABBB8C07 /* libPods-EffectiveObjective-C.a */; };
		E611A08F2113011900AF382A /* Item18ViewController.m in Sources */ = {isa = PBXBuildFile; fileRef = E611A08E2113011900AF382A /* Item18ViewController.m */; };
		E611A093211301F700AF382A /* Item18Model.m in Sources */ = {isa = PBXBuildFile; fileRef = E611A092211301F700AF382A /* Item18Model.m */; };
		E633E201211D6B530000C270 /* Item23DemoViewController.m in Sources */ = {isa = PBXBuildFile; fileRef = E633E200211D6B530000C270 /* Item23DemoViewController.m */; };
		E633E205211D6D4F0000C270 /* Item23DemoDelegateObject.m in Sources */ = {isa = PBXBuildFile; fileRef = E633E204211D6D4F0000C270 /* Item23DemoDelegateObject.m */; };
		E633E209211D7C320000C270 /* Item24ViewController.m in Sources */ = {isa = PBXBuildFile; fileRef = E633E208211D7C320000C270 /* Item24ViewController.m */; };
		E633E20D211D7F640000C270 /* Item24PersonModel.m in Sources */ = {isa = PBXBuildFile; fileRef = E633E20C211D7F640000C270 /* Item24PersonModel.m */; };
		E633E210211D83DA0000C270 /* Item24Person+Friendship.m in Sources */ = {isa = PBXBuildFile; fileRef = E633E20F211D83DA0000C270 /* Item24Person+Friendship.m */; };
		E633E213211D8DA10000C270 /* Item24Person+Play.m in Sources */ = {isa = PBXBuildFile; fileRef = E633E212211D8DA10000C270 /* Item24Person+Play.m */; };
		E633E217212125D60000C270 /* Item25ViewController.m in Sources */ = {isa = PBXBuildFile; fileRef = E633E216212125D60000C270 /* Item25ViewController.m */; };
		E633E21A212126660000C270 /* Item25String+ABCHTTP.m in Sources */ = {isa = PBXBuildFile; fileRef = E633E219212126660000C270 /* Item25String+ABCHTTP.m */; };
		E633E22221212D270000C270 /* Item26ViewController.m in Sources */ = {isa = PBXBuildFile; fileRef = E633E22121212D270000C270 /* Item26ViewController.m */; };
		E633E22521212F190000C270 /* Item26PersonModel.m in Sources */ = {isa = PBXBuildFile; fileRef = E633E22421212F190000C270 /* Item26PersonModel.m */; };
		E633E22921212F530000C270 /* Item26Person+Friendship.m in Sources */ = {isa = PBXBuildFile; fileRef = E633E22821212F530000C270 /* Item26Person+Friendship.m */; };
		E637B9F621196B9300256F0C /* Item22ViewController.m in Sources */ = {isa = PBXBuildFile; fileRef = E637B9F521196B9300256F0C /* Item22ViewController.m */; };
		E637B9FA21196C6E00256F0C /* Item22Model.m in Sources */ = {isa = PBXBuildFile; fileRef = E637B9F921196C6E00256F0C /* Item22Model.m */; };
		E65E30B221182602007B6471 /* Item21ViewController.m in Sources */ = {isa = PBXBuildFile; fileRef = E65E30B121182602007B6471 /* Item21ViewController.m */; };
		E65E30B521182948007B6471 /* EOCError.m in Sources */ = {isa = PBXBuildFile; fileRef = E65E30B421182948007B6471 /* EOCError.m */; };
		E68396B820F337800033B009 /* AppDelegate.m in Sources */ = {isa = PBXBuildFile; fileRef = E68396B720F337800033B009 /* AppDelegate.m */; };
		E68396BB20F337800033B009 /* ViewController.m in Sources */ = {isa = PBXBuildFile; fileRef = E68396BA20F337800033B009 /* ViewController.m */; };
		E68396BE20F337800033B009 /* Main.storyboard in Resources */ = {isa = PBXBuildFile; fileRef = E68396BC20F337800033B009 /* Main.storyboard */; };
		E68396C020F337810033B009 /* Assets.xcassets in Resources */ = {isa = PBXBuildFile; fileRef = E68396BF20F337810033B009 /* Assets.xcassets */; };
		E68396C320F337810033B009 /* LaunchScreen.storyboard in Resources */ = {isa = PBXBuildFile; fileRef = E68396C120F337810033B009 /* LaunchScreen.storyboard */; };
		E68396C620F337810033B009 /* main.m in Sources */ = {isa = PBXBuildFile; fileRef = E68396C520F337810033B009 /* main.m */; };
		E68396CF20F3397D0033B009 /* Item10ViewController.m in Sources */ = {isa = PBXBuildFile; fileRef = E68396CE20F3397D0033B009 /* Item10ViewController.m */; };
		E69506BC2122CD5700CE2E8B /* Item28ViewController.m in Sources */ = {isa = PBXBuildFile; fileRef = E69506BB2122CD5700CE2E8B /* Item28ViewController.m */; };
		E69584542125753800E41910 /* Item30ViewController.m in Sources */ = {isa = PBXBuildFile; fileRef = E69584532125753800E41910 /* Item30ViewController.m */; };
		E695845821258C7C00E41910 /* Item30Model.m in Sources */ = {isa = PBXBuildFile; fileRef = E695845721258C7C00E41910 /* Item30Model.m */; };
		E6B1A29D210B09F100ABD335 /* EOCLocation.m in Sources */ = {isa = PBXBuildFile; fileRef = E6B1A29C210B09F100ABD335 /* EOCLocation.m */; };
		E6B2419820F735F7008DBB25 /* NSObject+Associate.m in Sources */ = {isa = PBXBuildFile; fileRef = E6B2419720F735F7008DBB25 /* NSObject+Associate.m */; };
		E6B2419B20F739CB008DBB25 /* UITapGestureRecognizer+Associate.m in Sources */ = {isa = PBXBuildFile; fileRef = E6B2419A20F739CB008DBB25 /* UITapGestureRecognizer+Associate.m */; };
		E6B2419F20F74447008DBB25 /* Item11ViewController.m in Sources */ = {isa = PBXBuildFile; fileRef = E6B2419E20F74447008DBB25 /* Item11ViewController.m */; };
		E6B241A220F7478C008DBB25 /* Person.m in Sources */ = {isa = PBXBuildFile; fileRef = E6B241A120F7478C008DBB25 /* Person.m */; };
		E6D3221620F87C5D00D0C47C /* Item12ViewController.m in Sources */ = {isa = PBXBuildFile; fileRef = E6D3221520F87C5D00D0C47C /* Item12ViewController.m */; };
		E6D3221A20F87F8400D0C47C /* EOCAutoDictionary.m in Sources */ = {isa = PBXBuildFile; fileRef = E6D3221920F87F8400D0C47C /* EOCAutoDictionary.m */; };
		E6D3221E20F88DC100D0C47C /* Item13ViewController.m in Sources */ = {isa = PBXBuildFile; fileRef = E6D3221D20F88DC100D0C47C /* Item13ViewController.m */; };
		E6E1933020FF292500DEC1B0 /* Item16ViewController.m in Sources */ = {isa = PBXBuildFile; fileRef = E6E1932F20FF292500DEC1B0 /* Item16ViewController.m */; };
		E6E1933420FF3A4100DEC1B0 /* Item17ViewController.m in Sources */ = {isa = PBXBuildFile; fileRef = E6E1933320FF3A4100DEC1B0 /* Item17ViewController.m */; };
		E6E1933720FF3A7800DEC1B0 /* EOCPerson.m in Sources */ = {isa = PBXBuildFile; fileRef = E6E1933620FF3A7800DEC1B0 /* EOCPerson.m */; };
		E6F9681D211C152300081C2D /* Item23ViewController.m in Sources */ = {isa = PBXBuildFile; fileRef = E6F9681C211C152300081C2D /* Item23ViewController.m */; };
		E6F96822211C166E00081C2D /* Item23Model.m in Sources */ = {isa = PBXBuildFile; fileRef = E6F96821211C166E00081C2D /* Item23Model.m */; };
		E6F96828211C18AE00081C2D /* Item23Network.m in Sources */ = {isa = PBXBuildFile; fileRef = E6F96827211C18AE00081C2D /* Item23Network.m */; };
/* End PBXBuildFile section */

/* Begin PBXFileReference section */
		3166456B11C419DB260B4C36 /* EOCRectangle.h */ = {isa = PBXFileReference; fileEncoding = 4; lastKnownFileType = sourcecode.c.h; path = EOCRectangle.h; sourceTree = "<group>"; };
		3166474010423CFCA2925EC1 /* EOCSquare.h */ = {isa = PBXFileReference; fileEncoding = 4; lastKnownFileType = sourcecode.c.h; path = EOCSquare.h; sourceTree = "<group>"; };
		3166477419673952E70D85C8 /* EOCRectangle.m */ = {isa = PBXFileReference; fileEncoding = 4; lastKnownFileType = sourcecode.c.objc; path = EOCRectangle.m; sourceTree = "<group>"; };
		31664904CB56CF35E025FD10 /* EOCSquare.m */ = {isa = PBXFileReference; fileEncoding = 4; lastKnownFileType = sourcecode.c.objc; path = EOCSquare.m; sourceTree = "<group>"; };
		58807DF2DF82E01DABBB8C07 /* libPods-EffectiveObjective-C.a */ = {isa = PBXFileReference; explicitFileType = archive.ar; includeInIndex = 0; path = "libPods-EffectiveObjective-C.a"; sourceTree = BUILT_PRODUCTS_DIR; };
		6C13BBE0AE3FB7A415B80D14 /* Pods-EffectiveObjective-C.debug.xcconfig */ = {isa = PBXFileReference; includeInIndex = 1; lastKnownFileType = text.xcconfig; name = "Pods-EffectiveObjective-C.debug.xcconfig"; path = "Pods/Target Support Files/Pods-EffectiveObjective-C/Pods-EffectiveObjective-C.debug.xcconfig"; sourceTree = "<group>"; };
		D41122C360501C051B35329D /* Pods-EffectiveObjective-C.release.xcconfig */ = {isa = PBXFileReference; includeInIndex = 1; lastKnownFileType = text.xcconfig; name = "Pods-EffectiveObjective-C.release.xcconfig"; path = "Pods/Target Support Files/Pods-EffectiveObjective-C/Pods-EffectiveObjective-C.release.xcconfig"; sourceTree = "<group>"; };
		E611A08D2113011900AF382A /* Item18ViewController.h */ = {isa = PBXFileReference; lastKnownFileType = sourcecode.c.h; path = Item18ViewController.h; sourceTree = "<group>"; };
		E611A08E2113011900AF382A /* Item18ViewController.m */ = {isa = PBXFileReference; lastKnownFileType = sourcecode.c.objc; path = Item18ViewController.m; sourceTree = "<group>"; };
		E611A091211301F700AF382A /* Item18Model.h */ = {isa = PBXFileReference; lastKnownFileType = sourcecode.c.h; path = Item18Model.h; sourceTree = "<group>"; };
		E611A092211301F700AF382A /* Item18Model.m */ = {isa = PBXFileReference; lastKnownFileType = sourcecode.c.objc; path = Item18Model.m; sourceTree = "<group>"; };
		E633E1FF211D6B530000C270 /* Item23DemoViewController.h */ = {isa = PBXFileReference; lastKnownFileType = sourcecode.c.h; path = Item23DemoViewController.h; sourceTree = "<group>"; };
		E633E200211D6B530000C270 /* Item23DemoViewController.m */ = {isa = PBXFileReference; lastKnownFileType = sourcecode.c.objc; path = Item23DemoViewController.m; sourceTree = "<group>"; };
		E633E203211D6D4F0000C270 /* Item23DemoDelegateObject.h */ = {isa = PBXFileReference; lastKnownFileType = sourcecode.c.h; path = Item23DemoDelegateObject.h; sourceTree = "<group>"; };
		E633E204211D6D4F0000C270 /* Item23DemoDelegateObject.m */ = {isa = PBXFileReference; lastKnownFileType = sourcecode.c.objc; path = Item23DemoDelegateObject.m; sourceTree = "<group>"; };
		E633E207211D7C320000C270 /* Item24ViewController.h */ = {isa = PBXFileReference; lastKnownFileType = sourcecode.c.h; path = Item24ViewController.h; sourceTree = "<group>"; };
		E633E208211D7C320000C270 /* Item24ViewController.m */ = {isa = PBXFileReference; lastKnownFileType = sourcecode.c.objc; path = Item24ViewController.m; sourceTree = "<group>"; };
		E633E20B211D7F640000C270 /* Item24PersonModel.h */ = {isa = PBXFileReference; lastKnownFileType = sourcecode.c.h; path = Item24PersonModel.h; sourceTree = "<group>"; };
		E633E20C211D7F640000C270 /* Item24PersonModel.m */ = {isa = PBXFileReference; lastKnownFileType = sourcecode.c.objc; path = Item24PersonModel.m; sourceTree = "<group>"; };
		E633E20E211D83DA0000C270 /* Item24Person+Friendship.h */ = {isa = PBXFileReference; lastKnownFileType = sourcecode.c.h; path = "Item24Person+Friendship.h"; sourceTree = "<group>"; };
		E633E20F211D83DA0000C270 /* Item24Person+Friendship.m */ = {isa = PBXFileReference; lastKnownFileType = sourcecode.c.objc; path = "Item24Person+Friendship.m"; sourceTree = "<group>"; };
		E633E211211D8DA10000C270 /* Item24Person+Play.h */ = {isa = PBXFileReference; lastKnownFileType = sourcecode.c.h; path = "Item24Person+Play.h"; sourceTree = "<group>"; };
		E633E212211D8DA10000C270 /* Item24Person+Play.m */ = {isa = PBXFileReference; lastKnownFileType = sourcecode.c.objc; path = "Item24Person+Play.m"; sourceTree = "<group>"; };
		E633E215212125D60000C270 /* Item25ViewController.h */ = {isa = PBXFileReference; lastKnownFileType = sourcecode.c.h; path = Item25ViewController.h; sourceTree = "<group>"; };
		E633E216212125D60000C270 /* Item25ViewController.m */ = {isa = PBXFileReference; lastKnownFileType = sourcecode.c.objc; path = Item25ViewController.m; sourceTree = "<group>"; };
		E633E218212126660000C270 /* Item25String+ABCHTTP.h */ = {isa = PBXFileReference; lastKnownFileType = sourcecode.c.h; path = "Item25String+ABCHTTP.h"; sourceTree = "<group>"; };
		E633E219212126660000C270 /* Item25String+ABCHTTP.m */ = {isa = PBXFileReference; lastKnownFileType = sourcecode.c.objc; path = "Item25String+ABCHTTP.m"; sourceTree = "<group>"; };
		E633E22021212D270000C270 /* Item26ViewController.h */ = {isa = PBXFileReference; lastKnownFileType = sourcecode.c.h; path = Item26ViewController.h; sourceTree = "<group>"; };
		E633E22121212D270000C270 /* Item26ViewController.m */ = {isa = PBXFileReference; lastKnownFileType = sourcecode.c.objc; path = Item26ViewController.m; sourceTree = "<group>"; };
		E633E22321212F190000C270 /* Item26PersonModel.h */ = {isa = PBXFileReference; lastKnownFileType = sourcecode.c.h; path = Item26PersonModel.h; sourceTree = "<group>"; };
		E633E22421212F190000C270 /* Item26PersonModel.m */ = {isa = PBXFileReference; lastKnownFileType = sourcecode.c.objc; path = Item26PersonModel.m; sourceTree = "<group>"; };
		E633E22721212F530000C270 /* Item26Person+Friendship.h */ = {isa = PBXFileReference; lastKnownFileType = sourcecode.c.h; path = "Item26Person+Friendship.h"; sourceTree = "<group>"; };
		E633E22821212F530000C270 /* Item26Person+Friendship.m */ = {isa = PBXFileReference; lastKnownFileType = sourcecode.c.objc; path = "Item26Person+Friendship.m"; sourceTree = "<group>"; };
		E637B9F421196B9300256F0C /* Item22ViewController.h */ = {isa = PBXFileReference; lastKnownFileType = sourcecode.c.h; path = Item22ViewController.h; sourceTree = "<group>"; };
		E637B9F521196B9300256F0C /* Item22ViewController.m */ = {isa = PBXFileReference; lastKnownFileType = sourcecode.c.objc; path = Item22ViewController.m; sourceTree = "<group>"; };
		E637B9F821196C6E00256F0C /* Item22Model.h */ = {isa = PBXFileReference; lastKnownFileType = sourcecode.c.h; path = Item22Model.h; sourceTree = "<group>"; };
		E637B9F921196C6E00256F0C /* Item22Model.m */ = {isa = PBXFileReference; lastKnownFileType = sourcecode.c.objc; path = Item22Model.m; sourceTree = "<group>"; };
		E65E30B021182602007B6471 /* Item21ViewController.h */ = {isa = PBXFileReference; lastKnownFileType = sourcecode.c.h; path = Item21ViewController.h; sourceTree = "<group>"; };
		E65E30B121182602007B6471 /* Item21ViewController.m */ = {isa = PBXFileReference; lastKnownFileType = sourcecode.c.objc; path = Item21ViewController.m; sourceTree = "<group>"; };
		E65E30B321182948007B6471 /* EOCError.h */ = {isa = PBXFileReference; lastKnownFileType = sourcecode.c.h; path = EOCError.h; sourceTree = "<group>"; };
		E65E30B421182948007B6471 /* EOCError.m */ = {isa = PBXFileReference; lastKnownFileType = sourcecode.c.objc; path = EOCError.m; sourceTree = "<group>"; };
		E68396B320F337800033B009 /* EffectiveObjective-C.app */ = {isa = PBXFileReference; explicitFileType = wrapper.application; includeInIndex = 0; path = "EffectiveObjective-C.app"; sourceTree = BUILT_PRODUCTS_DIR; };
		E68396B620F337800033B009 /* AppDelegate.h */ = {isa = PBXFileReference; lastKnownFileType = sourcecode.c.h; path = AppDelegate.h; sourceTree = "<group>"; };
		E68396B720F337800033B009 /* AppDelegate.m */ = {isa = PBXFileReference; lastKnownFileType = sourcecode.c.objc; path = AppDelegate.m; sourceTree = "<group>"; };
		E68396B920F337800033B009 /* ViewController.h */ = {isa = PBXFileReference; lastKnownFileType = sourcecode.c.h; path = ViewController.h; sourceTree = "<group>"; };
		E68396BA20F337800033B009 /* ViewController.m */ = {isa = PBXFileReference; lastKnownFileType = sourcecode.c.objc; path = ViewController.m; sourceTree = "<group>"; };
		E68396BD20F337800033B009 /* Base */ = {isa = PBXFileReference; lastKnownFileType = file.storyboard; name = Base; path = Base.lproj/Main.storyboard; sourceTree = "<group>"; };
		E68396BF20F337810033B009 /* Assets.xcassets */ = {isa = PBXFileReference; lastKnownFileType = folder.assetcatalog; path = Assets.xcassets; sourceTree = "<group>"; };
		E68396C220F337810033B009 /* Base */ = {isa = PBXFileReference; lastKnownFileType = file.storyboard; name = Base; path = Base.lproj/LaunchScreen.storyboard; sourceTree = "<group>"; };
		E68396C420F337810033B009 /* Info.plist */ = {isa = PBXFileReference; lastKnownFileType = text.plist.xml; path = Info.plist; sourceTree = "<group>"; };
		E68396C520F337810033B009 /* main.m */ = {isa = PBXFileReference; lastKnownFileType = sourcecode.c.objc; path = main.m; sourceTree = "<group>"; };
		E68396CD20F3397D0033B009 /* Item10ViewController.h */ = {isa = PBXFileReference; lastKnownFileType = sourcecode.c.h; path = Item10ViewController.h; sourceTree = "<group>"; };
		E68396CE20F3397D0033B009 /* Item10ViewController.m */ = {isa = PBXFileReference; lastKnownFileType = sourcecode.c.objc; path = Item10ViewController.m; sourceTree = "<group>"; };
		E68396D020F33B6F0033B009 /* PrefixHeader.pch */ = {isa = PBXFileReference; lastKnownFileType = sourcecode.c.h; path = PrefixHeader.pch; sourceTree = "<group>"; };
		E69506BA2122CD5700CE2E8B /* Item28ViewController.h */ = {isa = PBXFileReference; lastKnownFileType = sourcecode.c.h; path = Item28ViewController.h; sourceTree = "<group>"; };
		E69506BB2122CD5700CE2E8B /* Item28ViewController.m */ = {isa = PBXFileReference; lastKnownFileType = sourcecode.c.objc; path = Item28ViewController.m; sourceTree = "<group>"; };
		E69584522125753800E41910 /* Item30ViewController.h */ = {isa = PBXFileReference; lastKnownFileType = sourcecode.c.h; path = Item30ViewController.h; sourceTree = "<group>"; };
		E69584532125753800E41910 /* Item30ViewController.m */ = {isa = PBXFileReference; lastKnownFileType = sourcecode.c.objc; path = Item30ViewController.m; sourceTree = "<group>"; };
		E695845621258C7C00E41910 /* Item30Model.h */ = {isa = PBXFileReference; lastKnownFileType = sourcecode.c.h; path = Item30Model.h; sourceTree = "<group>"; };
		E695845721258C7C00E41910 /* Item30Model.m */ = {isa = PBXFileReference; lastKnownFileType = sourcecode.c.objc; path = Item30Model.m; sourceTree = "<group>"; };
		E6B1A29B210B09F100ABD335 /* EOCLocation.h */ = {isa = PBXFileReference; lastKnownFileType = sourcecode.c.h; path = EOCLocation.h; sourceTree = "<group>"; };
		E6B1A29C210B09F100ABD335 /* EOCLocation.m */ = {isa = PBXFileReference; lastKnownFileType = sourcecode.c.objc; path = EOCLocation.m; sourceTree = "<group>"; };
		E6B2419620F735F7008DBB25 /* NSObject+Associate.h */ = {isa = PBXFileReference; lastKnownFileType = sourcecode.c.h; path = "NSObject+Associate.h"; sourceTree = "<group>"; };
		E6B2419720F735F7008DBB25 /* NSObject+Associate.m */ = {isa = PBXFileReference; lastKnownFileType = sourcecode.c.objc; path = "NSObject+Associate.m"; sourceTree = "<group>"; };
		E6B2419920F739CB008DBB25 /* UITapGestureRecognizer+Associate.h */ = {isa = PBXFileReference; lastKnownFileType = sourcecode.c.h; path = "UITapGestureRecognizer+Associate.h"; sourceTree = "<group>"; };
		E6B2419A20F739CB008DBB25 /* UITapGestureRecognizer+Associate.m */ = {isa = PBXFileReference; lastKnownFileType = sourcecode.c.objc; path = "UITapGestureRecognizer+Associate.m"; sourceTree = "<group>"; };
		E6B2419D20F74447008DBB25 /* Item11ViewController.h */ = {isa = PBXFileReference; lastKnownFileType = sourcecode.c.h; path = Item11ViewController.h; sourceTree = "<group>"; };
		E6B2419E20F74447008DBB25 /* Item11ViewController.m */ = {isa = PBXFileReference; lastKnownFileType = sourcecode.c.objc; path = Item11ViewController.m; sourceTree = "<group>"; };
		E6B241A020F7478C008DBB25 /* Person.h */ = {isa = PBXFileReference; lastKnownFileType = sourcecode.c.h; path = Person.h; sourceTree = "<group>"; };
		E6B241A120F7478C008DBB25 /* Person.m */ = {isa = PBXFileReference; lastKnownFileType = sourcecode.c.objc; path = Person.m; sourceTree = "<group>"; };
		E6D3221420F87C5D00D0C47C /* Item12ViewController.h */ = {isa = PBXFileReference; lastKnownFileType = sourcecode.c.h; path = Item12ViewController.h; sourceTree = "<group>"; };
		E6D3221520F87C5D00D0C47C /* Item12ViewController.m */ = {isa = PBXFileReference; lastKnownFileType = sourcecode.c.objc; path = Item12ViewController.m; sourceTree = "<group>"; };
		E6D3221820F87F8400D0C47C /* EOCAutoDictionary.h */ = {isa = PBXFileReference; lastKnownFileType = sourcecode.c.h; path = EOCAutoDictionary.h; sourceTree = "<group>"; };
		E6D3221920F87F8400D0C47C /* EOCAutoDictionary.m */ = {isa = PBXFileReference; lastKnownFileType = sourcecode.c.objc; path = EOCAutoDictionary.m; sourceTree = "<group>"; };
		E6D3221C20F88DC100D0C47C /* Item13ViewController.h */ = {isa = PBXFileReference; lastKnownFileType = sourcecode.c.h; path = Item13ViewController.h; sourceTree = "<group>"; };
		E6D3221D20F88DC100D0C47C /* Item13ViewController.m */ = {isa = PBXFileReference; lastKnownFileType = sourcecode.c.objc; path = Item13ViewController.m; sourceTree = "<group>"; };
		E6E1932E20FF292500DEC1B0 /* Item16ViewController.h */ = {isa = PBXFileReference; lastKnownFileType = sourcecode.c.h; path = Item16ViewController.h; sourceTree = "<group>"; };
		E6E1932F20FF292500DEC1B0 /* Item16ViewController.m */ = {isa = PBXFileReference; lastKnownFileType = sourcecode.c.objc; path = Item16ViewController.m; sourceTree = "<group>"; };
		E6E1933220FF3A4100DEC1B0 /* Item17ViewController.h */ = {isa = PBXFileReference; lastKnownFileType = sourcecode.c.h; path = Item17ViewController.h; sourceTree = "<group>"; };
		E6E1933320FF3A4100DEC1B0 /* Item17ViewController.m */ = {isa = PBXFileReference; lastKnownFileType = sourcecode.c.objc; path = Item17ViewController.m; sourceTree = "<group>"; };
		E6E1933520FF3A7800DEC1B0 /* EOCPerson.h */ = {isa = PBXFileReference; lastKnownFileType = sourcecode.c.h; path = EOCPerson.h; sourceTree = "<group>"; };
		E6E1933620FF3A7800DEC1B0 /* EOCPerson.m */ = {isa = PBXFileReference; lastKnownFileType = sourcecode.c.objc; path = EOCPerson.m; sourceTree = "<group>"; };
		E6F9681B211C152300081C2D /* Item23ViewController.h */ = {isa = PBXFileReference; lastKnownFileType = sourcecode.c.h; path = Item23ViewController.h; sourceTree = "<group>"; };
		E6F9681C211C152300081C2D /* Item23ViewController.m */ = {isa = PBXFileReference; lastKnownFileType = sourcecode.c.objc; path = Item23ViewController.m; sourceTree = "<group>"; };
		E6F96820211C166E00081C2D /* Item23Model.h */ = {isa = PBXFileReference; lastKnownFileType = sourcecode.c.h; path = Item23Model.h; sourceTree = "<group>"; };
		E6F96821211C166E00081C2D /* Item23Model.m */ = {isa = PBXFileReference; lastKnownFileType = sourcecode.c.objc; path = Item23Model.m; sourceTree = "<group>"; };
		E6F96823211C16C400081C2D /* Item23NetworkDelegate.h */ = {isa = PBXFileReference; lastKnownFileType = sourcecode.c.h; path = Item23NetworkDelegate.h; sourceTree = "<group>"; };
		E6F96826211C18AE00081C2D /* Item23Network.h */ = {isa = PBXFileReference; lastKnownFileType = sourcecode.c.h; path = Item23Network.h; sourceTree = "<group>"; };
		E6F96827211C18AE00081C2D /* Item23Network.m */ = {isa = PBXFileReference; lastKnownFileType = sourcecode.c.objc; path = Item23Network.m; sourceTree = "<group>"; };
/* End PBXFileReference section */

/* Begin PBXFrameworksBuildPhase section */
		E68396B020F337800033B009 /* Frameworks */ = {
			isa = PBXFrameworksBuildPhase;
			buildActionMask = 2147483647;
			files = (
				A16B0664D1017E0C99638FA9 /* libPods-EffectiveObjective-C.a in Frameworks */,
			);
			runOnlyForDeploymentPostprocessing = 0;
		};
/* End PBXFrameworksBuildPhase section */

/* Begin PBXGroup section */
		3166441597FA8D120F1D9307 /* Associate Group */ = {
			isa = PBXGroup;
			children = (
				E6B2419620F735F7008DBB25 /* NSObject+Associate.h */,
				E6B2419720F735F7008DBB25 /* NSObject+Associate.m */,
				E6B2419920F739CB008DBB25 /* UITapGestureRecognizer+Associate.h */,
				E6B2419A20F739CB008DBB25 /* UITapGestureRecognizer+Associate.m */,
			);
			path = "Associate Group";
			sourceTree = "<group>";
		};
		31664696673AA1060317BADD /* Msg Send */ = {
			isa = PBXGroup;
			children = (
				E6B241A020F7478C008DBB25 /* Person.h */,
				E6B241A120F7478C008DBB25 /* Person.m */,
			);
			path = "Msg Send";
			sourceTree = "<group>";
		};
		67B314C412C01359F8A4B9F0 /* Frameworks */ = {
			isa = PBXGroup;
			children = (
				58807DF2DF82E01DABBB8C07 /* libPods-EffectiveObjective-C.a */,
			);
			name = Frameworks;
			sourceTree = "<group>";
		};
		A99C44DB9CF7EB573410D091 /* Pods */ = {
			isa = PBXGroup;
			children = (
				6C13BBE0AE3FB7A415B80D14 /* Pods-EffectiveObjective-C.debug.xcconfig */,
				D41122C360501C051B35329D /* Pods-EffectiveObjective-C.release.xcconfig */,
			);
			name = Pods;
			sourceTree = "<group>";
		};
		E611A08C2113010600AF382A /* Item 18 */ = {
			isa = PBXGroup;
			children = (
				E611A08D2113011900AF382A /* Item18ViewController.h */,
				E611A08E2113011900AF382A /* Item18ViewController.m */,
				E611A090211301E300AF382A /* Model */,
			);
			path = "Item 18";
			sourceTree = "<group>";
		};
		E611A090211301E300AF382A /* Model */ = {
			isa = PBXGroup;
			children = (
				E611A091211301F700AF382A /* Item18Model.h */,
				E611A092211301F700AF382A /* Item18Model.m */,
			);
			path = Model;
			sourceTree = "<group>";
		};
		E633E1FE211D6B200000C270 /* Demo */ = {
			isa = PBXGroup;
			children = (
				E633E1FF211D6B530000C270 /* Item23DemoViewController.h */,
				E633E200211D6B530000C270 /* Item23DemoViewController.m */,
				E633E202211D6D240000C270 /* Delegate */,
			);
			path = Demo;
			sourceTree = "<group>";
		};
		E633E202211D6D240000C270 /* Delegate */ = {
			isa = PBXGroup;
			children = (
				E633E203211D6D4F0000C270 /* Item23DemoDelegateObject.h */,
				E633E204211D6D4F0000C270 /* Item23DemoDelegateObject.m */,
			);
			path = Delegate;
			sourceTree = "<group>";
		};
		E633E206211D78F20000C270 /* Item 24 */ = {
			isa = PBXGroup;
			children = (
				E633E207211D7C320000C270 /* Item24ViewController.h */,
				E633E208211D7C320000C270 /* Item24ViewController.m */,
				E633E20A211D7DBC0000C270 /* Model */,
			);
			path = "Item 24";
			sourceTree = "<group>";
		};
		E633E20A211D7DBC0000C270 /* Model */ = {
			isa = PBXGroup;
			children = (
				E633E20B211D7F640000C270 /* Item24PersonModel.h */,
				E633E20C211D7F640000C270 /* Item24PersonModel.m */,
				E633E20E211D83DA0000C270 /* Item24Person+Friendship.h */,
				E633E20F211D83DA0000C270 /* Item24Person+Friendship.m */,
				E633E211211D8DA10000C270 /* Item24Person+Play.h */,
				E633E212211D8DA10000C270 /* Item24Person+Play.m */,
			);
			path = Model;
			sourceTree = "<group>";
		};
		E633E214212125C70000C270 /* Item 25 */ = {
			isa = PBXGroup;
			children = (
				E633E215212125D60000C270 /* Item25ViewController.h */,
				E633E216212125D60000C270 /* Item25ViewController.m */,
				E633E218212126660000C270 /* Item25String+ABCHTTP.h */,
				E633E219212126660000C270 /* Item25String+ABCHTTP.m */,
			);
			path = "Item 25";
			sourceTree = "<group>";
		};
		E633E21B21212BFC0000C270 /* Item 26 */ = {
			isa = PBXGroup;
			children = (
				E633E22021212D270000C270 /* Item26ViewController.h */,
				E633E22121212D270000C270 /* Item26ViewController.m */,
				E633E22621212F1E0000C270 /* Model */,
			);
			path = "Item 26";
			sourceTree = "<group>";
		};
		E633E21C21212CEE0000C270 /* Item 27 */ = {
			isa = PBXGroup;
			children = (
			);
			path = "Item 27";
			sourceTree = "<group>";
		};
		E633E22621212F1E0000C270 /* Model */ = {
			isa = PBXGroup;
			children = (
				E633E22321212F190000C270 /* Item26PersonModel.h */,
				E633E22421212F190000C270 /* Item26PersonModel.m */,
				E633E22721212F530000C270 /* Item26Person+Friendship.h */,
				E633E22821212F530000C270 /* Item26Person+Friendship.m */,
			);
			path = Model;
			sourceTree = "<group>";
		};
		E637B9F0211969C000256F0C /* Item 22 */ = {
			isa = PBXGroup;
			children = (
				E637B9F421196B9300256F0C /* Item22ViewController.h */,
				E637B9F521196B9300256F0C /* Item22ViewController.m */,
				E637B9F721196C5600256F0C /* Item 22 */,
			);
			path = "Item 22";
			sourceTree = "<group>";
		};
		E637B9F721196C5600256F0C /* Item 22 */ = {
			isa = PBXGroup;
			children = (
				E637B9F821196C6E00256F0C /* Item22Model.h */,
				E637B9F921196C6E00256F0C /* Item22Model.m */,
			);
			path = "Item 22";
			sourceTree = "<group>";
		};
		E65E30AF211825DA007B6471 /* Item 21 */ = {
			isa = PBXGroup;
			children = (
				E65E30B021182602007B6471 /* Item21ViewController.h */,
				E65E30B121182602007B6471 /* Item21ViewController.m */,
				E65E30B321182948007B6471 /* EOCError.h */,
				E65E30B421182948007B6471 /* EOCError.m */,
			);
			path = "Item 21";
			sourceTree = "<group>";
		};
		E68396AA20F337800033B009 = {
			isa = PBXGroup;
			children = (
				E68396B520F337800033B009 /* EffectiveObjective-C */,
				E68396B420F337800033B009 /* Products */,
				A99C44DB9CF7EB573410D091 /* Pods */,
				67B314C412C01359F8A4B9F0 /* Frameworks */,
			);
			sourceTree = "<group>";
		};
		E68396B420F337800033B009 /* Products */ = {
			isa = PBXGroup;
			children = (
				E68396B320F337800033B009 /* EffectiveObjective-C.app */,
			);
			name = Products;
			sourceTree = "<group>";
		};
		E68396B520F337800033B009 /* EffectiveObjective-C */ = {
			isa = PBXGroup;
			children = (
				E69584512125751C00E41910 /* Item 30 */,
				E69506B92122CD4900CE2E8B /* Item 28 */,
				E633E21C21212CEE0000C270 /* Item 27 */,
				E633E21B21212BFC0000C270 /* Item 26 */,
				E633E214212125C70000C270 /* Item 25 */,
				E633E206211D78F20000C270 /* Item 24 */,
				E6F9681A211C150D00081C2D /* Item 23 */,
				E637B9F0211969C000256F0C /* Item 22 */,
				E65E30AF211825DA007B6471 /* Item 21 */,
				E611A08C2113010600AF382A /* Item 18 */,
				E6E1933120FF3A1900DEC1B0 /* Item 17 */,
				E6E1932D20FF28F800DEC1B0 /* item 16 */,
				E6D3221B20F88DA100D0C47C /* Item 13 */,
				E6D3221320F87C2800D0C47C /* Item 12 */,
				E6B2419C20F7442F008DBB25 /* Item 11 */,
				E68396CC20F339660033B009 /* Item 10 */,
				E68396B620F337800033B009 /* AppDelegate.h */,
				E68396B720F337800033B009 /* AppDelegate.m */,
				E68396B920F337800033B009 /* ViewController.h */,
				E68396BA20F337800033B009 /* ViewController.m */,
				E68396BC20F337800033B009 /* Main.storyboard */,
				E68396BF20F337810033B009 /* Assets.xcassets */,
				E68396C120F337810033B009 /* LaunchScreen.storyboard */,
				E68396C420F337810033B009 /* Info.plist */,
				E68396C520F337810033B009 /* main.m */,
				E68396D020F33B6F0033B009 /* PrefixHeader.pch */,
			);
			path = "EffectiveObjective-C";
			sourceTree = "<group>";
		};
		E68396CC20F339660033B009 /* Item 10 */ = {
			isa = PBXGroup;
			children = (
				E68396CD20F3397D0033B009 /* Item10ViewController.h */,
				E68396CE20F3397D0033B009 /* Item10ViewController.m */,
				3166441597FA8D120F1D9307 /* Associate Group */,
			);
			path = "Item 10";
			sourceTree = "<group>";
		};
		E69506B92122CD4900CE2E8B /* Item 28 */ = {
			isa = PBXGroup;
			children = (
				E69506BA2122CD5700CE2E8B /* Item28ViewController.h */,
				E69506BB2122CD5700CE2E8B /* Item28ViewController.m */,
			);
			path = "Item 28";
			sourceTree = "<group>";
		};
		E69584512125751C00E41910 /* Item 30 */ = {
			isa = PBXGroup;
			children = (
				E69584522125753800E41910 /* Item30ViewController.h */,
				E69584532125753800E41910 /* Item30ViewController.m */,
				E695845521258C6100E41910 /* Model */,
			);
			path = "Item 30";
			sourceTree = "<group>";
		};
		E695845521258C6100E41910 /* Model */ = {
			isa = PBXGroup;
			children = (
				E695845621258C7C00E41910 /* Item30Model.h */,
				E695845721258C7C00E41910 /* Item30Model.m */,
			);
			path = Model;
			sourceTree = "<group>";
		};
		E6B1A29A210B094700ABD335 /* Model */ = {
			isa = PBXGroup;
			children = (
				E6E1933520FF3A7800DEC1B0 /* EOCPerson.h */,
				E6E1933620FF3A7800DEC1B0 /* EOCPerson.m */,
				E6B1A29B210B09F100ABD335 /* EOCLocation.h */,
				E6B1A29C210B09F100ABD335 /* EOCLocation.m */,
			);
			path = Model;
			sourceTree = "<group>";
		};
		E6B2419C20F7442F008DBB25 /* Item 11 */ = {
			isa = PBXGroup;
			children = (
				E6B2419D20F74447008DBB25 /* Item11ViewController.h */,
				E6B2419E20F74447008DBB25 /* Item11ViewController.m */,
				31664696673AA1060317BADD /* Msg Send */,
			);
			path = "Item 11";
			sourceTree = "<group>";
		};
		E6D3221320F87C2800D0C47C /* Item 12 */ = {
			isa = PBXGroup;
			children = (
				E6D3221420F87C5D00D0C47C /* Item12ViewController.h */,
				E6D3221520F87C5D00D0C47C /* Item12ViewController.m */,
				E6D3221720F87F6200D0C47C /* NSObject */,
			);
			path = "Item 12";
			sourceTree = "<group>";
		};
		E6D3221720F87F6200D0C47C /* NSObject */ = {
			isa = PBXGroup;
			children = (
				E6D3221820F87F8400D0C47C /* EOCAutoDictionary.h */,
				E6D3221920F87F8400D0C47C /* EOCAutoDictionary.m */,
			);
			path = NSObject;
			sourceTree = "<group>";
		};
		E6D3221B20F88DA100D0C47C /* Item 13 */ = {
			isa = PBXGroup;
			children = (
				E6D3221C20F88DC100D0C47C /* Item13ViewController.h */,
				E6D3221D20F88DC100D0C47C /* Item13ViewController.m */,
			);
			path = "Item 13";
			sourceTree = "<group>";
		};
		E6E1932D20FF28F800DEC1B0 /* item 16 */ = {
			isa = PBXGroup;
			children = (
				E6E1932E20FF292500DEC1B0 /* Item16ViewController.h */,
				E6E1932F20FF292500DEC1B0 /* Item16ViewController.m */,
				3166477419673952E70D85C8 /* EOCRectangle.m */,
				3166456B11C419DB260B4C36 /* EOCRectangle.h */,
				31664904CB56CF35E025FD10 /* EOCSquare.m */,
				3166474010423CFCA2925EC1 /* EOCSquare.h */,
			);
			path = "item 16";
			sourceTree = "<group>";
		};
		E6E1933120FF3A1900DEC1B0 /* Item 17 */ = {
			isa = PBXGroup;
			children = (
				E6E1933220FF3A4100DEC1B0 /* Item17ViewController.h */,
				E6E1933320FF3A4100DEC1B0 /* Item17ViewController.m */,
				E6B1A29A210B094700ABD335 /* Model */,
			);
			path = "Item 17";
			sourceTree = "<group>";
		};
		E6F9681A211C150D00081C2D /* Item 23 */ = {
			isa = PBXGroup;
			children = (
				E633E1FE211D6B200000C270 /* Demo */,
				E6F9681F211C153800081C2D /* Net */,
				E6F9681E211C152F00081C2D /* Model */,
				E6F9681B211C152300081C2D /* Item23ViewController.h */,
				E6F9681C211C152300081C2D /* Item23ViewController.m */,
			);
			path = "Item 23";
			sourceTree = "<group>";
		};
		E6F9681E211C152F00081C2D /* Model */ = {
			isa = PBXGroup;
			children = (
				E6F96820211C166E00081C2D /* Item23Model.h */,
				E6F96821211C166E00081C2D /* Item23Model.m */,
			);
			path = Model;
			sourceTree = "<group>";
		};
		E6F9681F211C153800081C2D /* Net */ = {
			isa = PBXGroup;
			children = (
				E6F96823211C16C400081C2D /* Item23NetworkDelegate.h */,
				E6F96826211C18AE00081C2D /* Item23Network.h */,
				E6F96827211C18AE00081C2D /* Item23Network.m */,
			);
			path = Net;
			sourceTree = "<group>";
		};
/* End PBXGroup section */

/* Begin PBXNativeTarget section */
		E68396B220F337800033B009 /* EffectiveObjective-C */ = {
			isa = PBXNativeTarget;
			buildConfigurationList = E68396C920F337810033B009 /* Build configuration list for PBXNativeTarget "EffectiveObjective-C" */;
			buildPhases = (
				C8B336AD9CF2F7AF888B1756 /* [CP] Check Pods Manifest.lock */,
				E68396AF20F337800033B009 /* Sources */,
				E68396B020F337800033B009 /* Frameworks */,
				E68396B120F337800033B009 /* Resources */,
			);
			buildRules = (
			);
			dependencies = (
			);
			name = "EffectiveObjective-C";
			productName = "EffectiveObjective-C";
			productReference = E68396B320F337800033B009 /* EffectiveObjective-C.app */;
			productType = "com.apple.product-type.application";
		};
/* End PBXNativeTarget section */

/* Begin PBXProject section */
		E68396AB20F337800033B009 /* Project object */ = {
			isa = PBXProject;
			attributes = {
				LastUpgradeCheck = 0930;
				ORGANIZATIONNAME = Insomnia;
				TargetAttributes = {
					E68396B220F337800033B009 = {
						CreatedOnToolsVersion = 9.3;
					};
				};
			};
			buildConfigurationList = E68396AE20F337800033B009 /* Build configuration list for PBXProject "EffectiveObjective-C" */;
			compatibilityVersion = "Xcode 9.3";
			developmentRegion = en;
			hasScannedForEncodings = 0;
			knownRegions = (
				en,
				Base,
			);
			mainGroup = E68396AA20F337800033B009;
			productRefGroup = E68396B420F337800033B009 /* Products */;
			projectDirPath = "";
			projectRoot = "";
			targets = (
				E68396B220F337800033B009 /* EffectiveObjective-C */,
			);
		};
/* End PBXProject section */

/* Begin PBXResourcesBuildPhase section */
		E68396B120F337800033B009 /* Resources */ = {
			isa = PBXResourcesBuildPhase;
			buildActionMask = 2147483647;
			files = (
				E68396C320F337810033B009 /* LaunchScreen.storyboard in Resources */,
				E68396C020F337810033B009 /* Assets.xcassets in Resources */,
				E68396BE20F337800033B009 /* Main.storyboard in Resources */,
			);
			runOnlyForDeploymentPostprocessing = 0;
		};
/* End PBXResourcesBuildPhase section */

/* Begin PBXShellScriptBuildPhase section */
		C8B336AD9CF2F7AF888B1756 /* [CP] Check Pods Manifest.lock */ = {
			isa = PBXShellScriptBuildPhase;
			buildActionMask = 2147483647;
			files = (
			);
			inputPaths = (
				"${PODS_PODFILE_DIR_PATH}/Podfile.lock",
				"${PODS_ROOT}/Manifest.lock",
			);
			name = "[CP] Check Pods Manifest.lock";
			outputPaths = (
				"$(DERIVED_FILE_DIR)/Pods-EffectiveObjective-C-checkManifestLockResult.txt",
			);
			runOnlyForDeploymentPostprocessing = 0;
			shellPath = /bin/sh;
			shellScript = "diff \"${PODS_PODFILE_DIR_PATH}/Podfile.lock\" \"${PODS_ROOT}/Manifest.lock\" > /dev/null\nif [ $? != 0 ] ; then\n    # print error to STDERR\n    echo \"error: The sandbox is not in sync with the Podfile.lock. Run 'pod install' or update your CocoaPods installation.\" >&2\n    exit 1\nfi\n# This output is used by Xcode 'outputs' to avoid re-running this script phase.\necho \"SUCCESS\" > \"${SCRIPT_OUTPUT_FILE_0}\"\n";
			showEnvVarsInLog = 0;
		};
/* End PBXShellScriptBuildPhase section */

/* Begin PBXSourcesBuildPhase section */
		E68396AF20F337800033B009 /* Sources */ = {
			isa = PBXSourcesBuildPhase;
			buildActionMask = 2147483647;
			files = (
				E633E205211D6D4F0000C270 /* Item23DemoDelegateObject.m in Sources */,
				E68396CF20F3397D0033B009 /* Item10ViewController.m in Sources */,
				E68396BB20F337800033B009 /* ViewController.m in Sources */,
				E69506BC2122CD5700CE2E8B /* Item28ViewController.m in Sources */,
				E633E20D211D7F640000C270 /* Item24PersonModel.m in Sources */,
				E637B9FA21196C6E00256F0C /* Item22Model.m in Sources */,
				E6B241A220F7478C008DBB25 /* Person.m in Sources */,
				E65E30B521182948007B6471 /* EOCError.m in Sources */,
				E633E22921212F530000C270 /* Item26Person+Friendship.m in Sources */,
				E6B2419F20F74447008DBB25 /* Item11ViewController.m in Sources */,
				E633E201211D6B530000C270 /* Item23DemoViewController.m in Sources */,
				E611A08F2113011900AF382A /* Item18ViewController.m in Sources */,
				E633E210211D83DA0000C270 /* Item24Person+Friendship.m in Sources */,
				E6B1A29D210B09F100ABD335 /* EOCLocation.m in Sources */,
				E65E30B221182602007B6471 /* Item21ViewController.m in Sources */,
				E6E1933720FF3A7800DEC1B0 /* EOCPerson.m in Sources */,
				E6D3221E20F88DC100D0C47C /* Item13ViewController.m in Sources */,
				E6D3221620F87C5D00D0C47C /* Item12ViewController.m in Sources */,
				E6B2419820F735F7008DBB25 /* NSObject+Associate.m in Sources */,
				E611A093211301F700AF382A /* Item18Model.m in Sources */,
				E68396C620F337810033B009 /* main.m in Sources */,
				E6F96822211C166E00081C2D /* Item23Model.m in Sources */,
				E6B2419B20F739CB008DBB25 /* UITapGestureRecognizer+Associate.m in Sources */,
				E6D3221A20F87F8400D0C47C /* EOCAutoDictionary.m in Sources */,
				E6F96828211C18AE00081C2D /* Item23Network.m in Sources */,
				E6E1933420FF3A4100DEC1B0 /* Item17ViewController.m in Sources */,
				E633E209211D7C320000C270 /* Item24ViewController.m in Sources */,
				E637B9F621196B9300256F0C /* Item22ViewController.m in Sources */,
				E6E1933020FF292500DEC1B0 /* Item16ViewController.m in Sources */,
				E633E21A212126660000C270 /* Item25String+ABCHTTP.m in Sources */,
				E633E22521212F190000C270 /* Item26PersonModel.m in Sources */,
				E69584542125753800E41910 /* Item30ViewController.m in Sources */,
				E633E213211D8DA10000C270 /* Item24Person+Play.m in Sources */,
				E6F9681D211C152300081C2D /* Item23ViewController.m in Sources */,
				E633E217212125D60000C270 /* Item25ViewController.m in Sources */,
				E695845821258C7C00E41910 /* Item30Model.m in Sources */,
				E68396B820F337800033B009 /* AppDelegate.m in Sources */,
				31664AF090EE1C56DB81E8D4 /* EOCRectangle.m in Sources */,
				31664C485B78B80088E689BE /* EOCSquare.m in Sources */,
				E633E22221212D270000C270 /* Item26ViewController.m in Sources */,
			);
			runOnlyForDeploymentPostprocessing = 0;
		};
/* End PBXSourcesBuildPhase section */

/* Begin PBXVariantGroup section */
		E68396BC20F337800033B009 /* Main.storyboard */ = {
			isa = PBXVariantGroup;
			children = (
				E68396BD20F337800033B009 /* Base */,
			);
			name = Main.storyboard;
			sourceTree = "<group>";
		};
		E68396C120F337810033B009 /* LaunchScreen.storyboard */ = {
			isa = PBXVariantGroup;
			children = (
				E68396C220F337810033B009 /* Base */,
			);
			name = LaunchScreen.storyboard;
			sourceTree = "<group>";
		};
/* End PBXVariantGroup section */

/* Begin XCBuildConfiguration section */
		E68396C720F337810033B009 /* Debug */ = {
			isa = XCBuildConfiguration;
			buildSettings = {
				ALWAYS_SEARCH_USER_PATHS = NO;
				CLANG_ANALYZER_NONNULL = YES;
				CLANG_ANALYZER_NUMBER_OBJECT_CONVERSION = YES_AGGRESSIVE;
				CLANG_CXX_LANGUAGE_STANDARD = "gnu++14";
				CLANG_CXX_LIBRARY = "libc++";
				CLANG_ENABLE_MODULES = YES;
				CLANG_ENABLE_OBJC_ARC = YES;
				CLANG_ENABLE_OBJC_WEAK = YES;
				CLANG_WARN_BLOCK_CAPTURE_AUTORELEASING = YES;
				CLANG_WARN_BOOL_CONVERSION = YES;
				CLANG_WARN_COMMA = YES;
				CLANG_WARN_CONSTANT_CONVERSION = YES;
				CLANG_WARN_DEPRECATED_OBJC_IMPLEMENTATIONS = YES;
				CLANG_WARN_DIRECT_OBJC_ISA_USAGE = YES_ERROR;
				CLANG_WARN_DOCUMENTATION_COMMENTS = YES;
				CLANG_WARN_EMPTY_BODY = YES;
				CLANG_WARN_ENUM_CONVERSION = YES;
				CLANG_WARN_INFINITE_RECURSION = YES;
				CLANG_WARN_INT_CONVERSION = YES;
				CLANG_WARN_NON_LITERAL_NULL_CONVERSION = YES;
				CLANG_WARN_OBJC_IMPLICIT_RETAIN_SELF = YES;
				CLANG_WARN_OBJC_LITERAL_CONVERSION = YES;
				CLANG_WARN_OBJC_ROOT_CLASS = YES_ERROR;
				CLANG_WARN_RANGE_LOOP_ANALYSIS = YES;
				CLANG_WARN_STRICT_PROTOTYPES = YES;
				CLANG_WARN_SUSPICIOUS_MOVE = YES;
				CLANG_WARN_UNGUARDED_AVAILABILITY = YES_AGGRESSIVE;
				CLANG_WARN_UNREACHABLE_CODE = YES;
				CLANG_WARN__DUPLICATE_METHOD_MATCH = YES;
				CODE_SIGN_IDENTITY = "iPhone Developer";
				COPY_PHASE_STRIP = NO;
				DEBUG_INFORMATION_FORMAT = dwarf;
				ENABLE_STRICT_OBJC_MSGSEND = NO;
				ENABLE_TESTABILITY = YES;
				GCC_C_LANGUAGE_STANDARD = gnu11;
				GCC_DYNAMIC_NO_PIC = NO;
				GCC_NO_COMMON_BLOCKS = YES;
				GCC_OPTIMIZATION_LEVEL = 0;
				GCC_PREPROCESSOR_DEFINITIONS = (
					"DEBUG=1",
					"$(inherited)",
				);
				GCC_WARN_64_TO_32_BIT_CONVERSION = YES;
				GCC_WARN_ABOUT_RETURN_TYPE = YES_ERROR;
				GCC_WARN_UNDECLARED_SELECTOR = YES;
				GCC_WARN_UNINITIALIZED_AUTOS = YES_AGGRESSIVE;
				GCC_WARN_UNUSED_FUNCTION = YES;
				GCC_WARN_UNUSED_VARIABLE = YES;
				IPHONEOS_DEPLOYMENT_TARGET = 11.3;
				MTL_ENABLE_DEBUG_INFO = YES;
				ONLY_ACTIVE_ARCH = YES;
				SDKROOT = iphoneos;
			};
			name = Debug;
		};
		E68396C820F337810033B009 /* Release */ = {
			isa = XCBuildConfiguration;
			buildSettings = {
				ALWAYS_SEARCH_USER_PATHS = NO;
				CLANG_ANALYZER_NONNULL = YES;
				CLANG_ANALYZER_NUMBER_OBJECT_CONVERSION = YES_AGGRESSIVE;
				CLANG_CXX_LANGUAGE_STANDARD = "gnu++14";
				CLANG_CXX_LIBRARY = "libc++";
				CLANG_ENABLE_MODULES = YES;
				CLANG_ENABLE_OBJC_ARC = YES;
				CLANG_ENABLE_OBJC_WEAK = YES;
				CLANG_WARN_BLOCK_CAPTURE_AUTORELEASING = YES;
				CLANG_WARN_BOOL_CONVERSION = YES;
				CLANG_WARN_COMMA = YES;
				CLANG_WARN_CONSTANT_CONVERSION = YES;
				CLANG_WARN_DEPRECATED_OBJC_IMPLEMENTATIONS = YES;
				CLANG_WARN_DIRECT_OBJC_ISA_USAGE = YES_ERROR;
				CLANG_WARN_DOCUMENTATION_COMMENTS = YES;
				CLANG_WARN_EMPTY_BODY = YES;
				CLANG_WARN_ENUM_CONVERSION = YES;
				CLANG_WARN_INFINITE_RECURSION = YES;
				CLANG_WARN_INT_CONVERSION = YES;
				CLANG_WARN_NON_LITERAL_NULL_CONVERSION = YES;
				CLANG_WARN_OBJC_IMPLICIT_RETAIN_SELF = YES;
				CLANG_WARN_OBJC_LITERAL_CONVERSION = YES;
				CLANG_WARN_OBJC_ROOT_CLASS = YES_ERROR;
				CLANG_WARN_RANGE_LOOP_ANALYSIS = YES;
				CLANG_WARN_STRICT_PROTOTYPES = YES;
				CLANG_WARN_SUSPICIOUS_MOVE = YES;
				CLANG_WARN_UNGUARDED_AVAILABILITY = YES_AGGRESSIVE;
				CLANG_WARN_UNREACHABLE_CODE = YES;
				CLANG_WARN__DUPLICATE_METHOD_MATCH = YES;
				CODE_SIGN_IDENTITY = "iPhone Developer";
				COPY_PHASE_STRIP = NO;
				DEBUG_INFORMATION_FORMAT = "dwarf-with-dsym";
				ENABLE_NS_ASSERTIONS = NO;
				ENABLE_STRICT_OBJC_MSGSEND = NO;
				GCC_C_LANGUAGE_STANDARD = gnu11;
				GCC_NO_COMMON_BLOCKS = YES;
				GCC_WARN_64_TO_32_BIT_CONVERSION = YES;
				GCC_WARN_ABOUT_RETURN_TYPE = YES_ERROR;
				GCC_WARN_UNDECLARED_SELECTOR = YES;
				GCC_WARN_UNINITIALIZED_AUTOS = YES_AGGRESSIVE;
				GCC_WARN_UNUSED_FUNCTION = YES;
				GCC_WARN_UNUSED_VARIABLE = YES;
				IPHONEOS_DEPLOYMENT_TARGET = 11.3;
				MTL_ENABLE_DEBUG_INFO = NO;
				SDKROOT = iphoneos;
				VALIDATE_PRODUCT = YES;
			};
			name = Release;
		};
		E68396CA20F337810033B009 /* Debug */ = {
			isa = XCBuildConfiguration;
			baseConfigurationReference = 6C13BBE0AE3FB7A415B80D14 /* Pods-EffectiveObjective-C.debug.xcconfig */;
			buildSettings = {
				ASSETCATALOG_COMPILER_APPICON_NAME = AppIcon;
				CODE_SIGN_STYLE = Automatic;
				DEVELOPMENT_TEAM = 8CJPZVXX3U;
				ENABLE_STRICT_OBJC_MSGSEND = NO;
				GCC_PREFIX_HEADER = "$(SRCROOT)/$(PRODUCT_NAME)/PrefixHeader.pch";
				INFOPLIST_FILE = "EffectiveObjective-C/Info.plist";
				LD_RUNPATH_SEARCH_PATHS = (
					"$(inherited)",
					"@executable_path/Frameworks",
				);
				PRODUCT_BUNDLE_IDENTIFIER = "com.Insomnia.EffectiveObjective-C";
				PRODUCT_NAME = "$(TARGET_NAME)";
				TARGETED_DEVICE_FAMILY = "1,2";
			};
			name = Debug;
		};
		E68396CB20F337810033B009 /* Release */ = {
			isa = XCBuildConfiguration;
			baseConfigurationReference = D41122C360501C051B35329D /* Pods-EffectiveObjective-C.release.xcconfig */;
			buildSettings = {
				ASSETCATALOG_COMPILER_APPICON_NAME = AppIcon;
				CODE_SIGN_STYLE = Automatic;
				DEVELOPMENT_TEAM = 8CJPZVXX3U;
				ENABLE_STRICT_OBJC_MSGSEND = NO;
				GCC_PREFIX_HEADER = "$(SRCROOT)/$(PRODUCT_NAME)/PrefixHeader.pch";
				INFOPLIST_FILE = "EffectiveObjective-C/Info.plist";
				LD_RUNPATH_SEARCH_PATHS = (
					"$(inherited)",
					"@executable_path/Frameworks",
				);
				PRODUCT_BUNDLE_IDENTIFIER = "com.Insomnia.EffectiveObjective-C";
				PRODUCT_NAME = "$(TARGET_NAME)";
				TARGETED_DEVICE_FAMILY = "1,2";
			};
			name = Release;
		};
/* End XCBuildConfiguration section */

/* Begin XCConfigurationList section */
		E68396AE20F337800033B009 /* Build configuration list for PBXProject "EffectiveObjective-C" */ = {
			isa = XCConfigurationList;
			buildConfigurations = (
				E68396C720F337810033B009 /* Debug */,
				E68396C820F337810033B009 /* Release */,
			);
			defaultConfigurationIsVisible = 0;
			defaultConfigurationName = Release;
		};
		E68396C920F337810033B009 /* Build configuration list for PBXNativeTarget "EffectiveObjective-C" */ = {
			isa = XCConfigurationList;
			buildConfigurations = (
				E68396CA20F337810033B009 /* Debug */,
				E68396CB20F337810033B009 /* Release */,
			);
			defaultConfigurationIsVisible = 0;
			defaultConfigurationName = Release;
		};
/* End XCConfigurationList section */
	};
	rootObject = E68396AB20F337800033B009 /* Project object */;
}
